
Microsoft Visual Studio Solution File, Format Version 12.00
# Visual Studio Version 17
VisualStudioVersion = 17.3.32825.248
MinimumVisualStudioVersion = 10.0.40219.1
Project("{9A19103F-16F7-4668-BE54-9A1E7A4F7556}") = "Project B", "Project B.csproj", "{D43C044B-2000-4EF1-8E7A-30A2CAEF42B8}"
EndProject
Global
	GlobalSection(SolutionConfigurationPlatforms) = preSolution
		Debug|Any CPU = Debug|Any CPU
		Release|Any CPU = Release|Any CPU
	EndGlobalSection
	GlobalSection(ProjectConfigurationPlatforms) = postSolution
		{D43C044B-2000-4EF1-8E7A-30A2CAEF42B8}.Debug|Any CPU.ActiveCfg = Debug|Any CPU
		{D43C044B-2000-4EF1-8E7A-30A2CAEF42B8}.Debug|Any CPU.Build.0 = Debug|Any CPU
		{D43C044B-2000-4EF1-8E7A-30A2CAEF42B8}.Release|Any CPU.ActiveCfg = Release|Any CPU
		{D43C044B-2000-4EF1-8E7A-30A2CAEF42B8}.Release|Any CPU.Build.0 = Release|Any CPU
	EndGlobalSection
	GlobalSection(SolutionProperties) = preSolution
		HideSolutionNode = FALSE
	EndGlobalSection
	GlobalSection(ExtensibilityGlobals) = postSolution
		SolutionGuid = {0F2DE426-B733-42BA-9728-E503B4AFF62C}
	EndGlobalSection
EndGlobal
